
Microsoft Visual Studio Solution File, Format Version 12.00
# Visual Studio 15
VisualStudioVersion = 15.0.28307.705
MinimumVisualStudioVersion = 10.0.40219.1
Project("{8BC9CEB8-8B4A-11D0-8D11-00A0C91BC942}") = "gg000-HelloTriangle", "gg000-HelloTriangle\gg000-HelloTriangle.vcxproj", "{226FA8CD-44EA-46B9-83A4-79EECED4CF3D}"
EndProject
Project("{8BC9CEB8-8B4A-11D0-8D11-00A0C91BC942}") = "gg001-Libraries", "gg001-Libraries\gg001-Libraries.vcxproj", "{96607F87-0577-4DB9-8BD7-066E92F2EC0F}"
	ProjectSection(ProjectDependencies) = postProject
		{C235BD63-6E30-4F13-A0FF-C5D5FCA38558} = {C235BD63-6E30-4F13-A0FF-C5D5FCA38558}
	EndProjectSection
EndProject
Project("{8BC9CEB8-8B4A-11D0-8D11-00A0C91BC942}") = "Egg", "Egg\Egg.vcxproj", "{C235BD63-6E30-4F13-A0FF-C5D5FCA38558}"
EndProject
Project("{8BC9CEB8-8B4A-11D0-8D11-00A0C91BC942}") = "gg002-Assimp", "gg002-Assimp\gg002-Assimp.vcxproj", "{7268F8BA-E60F-4563-89F3-ACCF64E4910F}"
	ProjectSection(ProjectDependencies) = postProject
		{C235BD63-6E30-4F13-A0FF-C5D5FCA38558} = {C235BD63-6E30-4F13-A0FF-C5D5FCA38558}
	EndProjectSection
EndProject
Project("{8BC9CEB8-8B4A-11D0-8D11-00A0C91BC942}") = "gg003-Textures", "gg003-Textures\gg003-Textures.vcxproj", "{31F132A4-D509-4D43-BE62-6EC96816AC3B}"
EndProject
Global
	GlobalSection(SolutionConfigurationPlatforms) = preSolution
		Debug|x64 = Debug|x64
	EndGlobalSection
	GlobalSection(ProjectConfigurationPlatforms) = postSolution
		{226FA8CD-44EA-46B9-83A4-79EECED4CF3D}.Debug|x64.ActiveCfg = Debug|x64
		{226FA8CD-44EA-46B9-83A4-79EECED4CF3D}.Debug|x64.Build.0 = Debug|x64
		{96607F87-0577-4DB9-8BD7-066E92F2EC0F}.Debug|x64.ActiveCfg = Debug|x64
		{96607F87-0577-4DB9-8BD7-066E92F2EC0F}.Debug|x64.Build.0 = Debug|x64
		{C235BD63-6E30-4F13-A0FF-C5D5FCA38558}.Debug|x64.ActiveCfg = Debug|x64
		{C235BD63-6E30-4F13-A0FF-C5D5FCA38558}.Debug|x64.Build.0 = Debug|x64
		{7268F8BA-E60F-4563-89F3-ACCF64E4910F}.Debug|x64.ActiveCfg = Debug|x64
		{7268F8BA-E60F-4563-89F3-ACCF64E4910F}.Debug|x64.Build.0 = Debug|x64
		{31F132A4-D509-4D43-BE62-6EC96816AC3B}.Debug|x64.ActiveCfg = Debug|x64
		{31F132A4-D509-4D43-BE62-6EC96816AC3B}.Debug|x64.Build.0 = Debug|x64
	EndGlobalSection
	GlobalSection(SolutionProperties) = preSolution
		HideSolutionNode = FALSE
	EndGlobalSection
	GlobalSection(ExtensibilityGlobals) = postSolution
		SolutionGuid = {16532773-4B5F-4FE5-8837-C935F780926D}
	EndGlobalSection
EndGlobal
